{
  "lockfileVersion": 1,
  "configVersion": 1,
  "workspaces": {
    "": {
      "name": "ket",
      "devDependencies": {
        "turbo": "^2.10.7",
        "typescript": "^5.9.3",
      },
    },
  },
  "packages": {
    "@turbo/darwin-64": ["@turbo/darwin-64@2.10.7", "", { "os": "darwin", "cpu": "x64" }, "sha512-/c9cSBRermWDv85oufLhoH6XRLOVbvzJLRd+WLyfJCP+i0HFLQj4PVNDrHcY17/ve5l8X0Oua4bJBqJUgJPnZA=="],

    "@turbo/darwin-arm64": ["@turbo/darwin-arm64@2.10.7", "", { "os": "darwin", "cpu": "arm64" }, "sha512-8lpCCGWZBl9PIF8w8f2iEWrLMbHBWIfJeV6l2UEGqysD6HRIM4ySj/8R7HGEzbECJ4r/gnJcHmxEoG8yjFe64A=="],

    "@turbo/linux-64": ["@turbo/linux-64@2.10.7", "", { "os": "linux", "cpu": "x64" }, "sha512-Midw9Ed00yw9rqkWN82fY3LmLNFQ6yiL1GXB56DJKUEjWaEd27zh7ohCxzzrjfjQVrEeVWd3UPytTAV16XDQlA=="],

    "@turbo/linux-arm64": ["@turbo/linux-arm64@2.10.7", "", { "os": "linux", "cpu": "arm64" }, "sha512-UVEy+MW/xn4BcsiV3v3uv0/oObyaQgVtRT+Jj4WE53rNH05VEYEc1Z13q3zV6276wCZR4Yxc4hiTTcjw7PjSpg=="],

    "@turbo/windows-64": ["@turbo/windows-64@2.10.7", "", { "os": "win32", "cpu": "x64" }, "sha512-l2nH9KGLV46SWjcXvyc2+xo5gdf5J0NVADknQk9OCJhzJBpiNl/byd26yIfwZBjLupdqT6UOdPhPxcpUPxRykQ=="],

    "@turbo/windows-arm64": ["@turbo/windows-arm64@2.10.7", "", { "os": "win32", "cpu": "arm64" }, "sha512-qjE1apG6RThuX49vUJd5ks2dV2ndXC2qktDChQonFMvUzrMrEnZMQzO+IgxBiYq1j+NbXQcRwj84nGnk1TBw1g=="],

    "turbo": ["turbo@2.10.7", "", { "optionalDependencies": { "@turbo/darwin-64": "2.10.7", "@turbo/darwin-arm64": "2.10.7", "@turbo/linux-64": "2.10.7", "@turbo/linux-arm64": "2.10.7", "@turbo/windows-64": "2.10.7", "@turbo/windows-arm64": "2.10.7" }, "bin": { "turbo": "bin/turbo" } }, "sha512-GHx6WExIFSKNJ5qMlzDpXBXlu9ApxaMjqxAVrCNcW94xf/+uqgIz41SAuRUMbXva2ExNAaY/h8V0q90SWSzmRw=="],

    "typescript": ["typescript@5.9.3", "", { "bin": { "tsc": "bin/tsc", "tsserver": "bin/tsserver" } }, "sha512-jl1vZzPDinLr9eUt3J/t7V6FgNEw9QjvBPdysz9KfQDD41fQrC2Y4vKQdiaUpFT4bXlb1RHhLpp8wtm6M5TgSw=="],
  }
}
